
Microsoft Visual Studio Solution File, Format Version 12.00
# Visual Studio Version 17
VisualStudioVersion = 17.0.32112.339
MinimumVisualStudioVersion = 10.0.40219.1
Project("{FAE04EC0-301F-11D3-BF4B-00C04F79EFBC}") = "InspecaoAPI", "InspecaoAPI\InspecaoAPI.csproj", "{CDA26ADA-10CA-4738-A90A-F84D5D00C2C2}"
EndProject
Global
	GlobalSection(SolutionConfigurationPlatforms) = preSolution
		Debug|Any CPU = Debug|Any CPU
		Release|Any CPU = Release|Any CPU
	EndGlobalSection
	GlobalSection(ProjectConfigurationPlatforms) = postSolution
		{CDA26ADA-10CA-4738-A90A-F84D5D00C2C2}.Debug|Any CPU.ActiveCfg = Debug|Any CPU
		{CDA26ADA-10CA-4738-A90A-F84D5D00C2C2}.Debug|Any CPU.Build.0 = Debug|Any CPU
		{CDA26ADA-10CA-4738-A90A-F84D5D00C2C2}.Release|Any CPU.ActiveCfg = Release|Any CPU
		{CDA26ADA-10CA-4738-A90A-F84D5D00C2C2}.Release|Any CPU.Build.0 = Release|Any CPU
	EndGlobalSection
	GlobalSection(SolutionProperties) = preSolution
		HideSolutionNode = FALSE
	EndGlobalSection
	GlobalSection(ExtensibilityGlobals) = postSolution
		SolutionGuid = {8507DD4F-C431-458F-A196-439C440F1F08}
	EndGlobalSection
EndGlobal
